{
  "version": 2,
  "dependencies": {
    "net10.0": {
      "AngleSharp": {
        "type": "Direct",
        "requested": "[1.4.0, )",
        "resolved": "1.4.0",
        "contentHash": "6ph8mpaQx0KL0COYRt0kI8MB9gSp1PtKijKMhJU//+aVFgKAJLKDesG/+26JSaVCOrHNgPf12wpfoyRcMYOeXg=="
      },
      "Humanizer.Core": {
        "type": "Direct",
        "requested": "[2.14.1, )",
        "resolved": "2.14.1",
        "contentHash": "lQKvtaTDOXnoVJ20ibTuSIOf2i0uO0MPbDhd1jm238I+U/2ZnRENj0cktKZhtchBMtCUSRQ5v4xBCUbKNmyVMw=="
      },
      "Microsoft.SourceLink.GitHub": {
        "type": "Direct",
        "requested": "[8.0.0, )",
        "resolved": "8.0.0",
        "contentHash": "G5q7OqtwIyGTkeIOAc3u2ZuV/kicQaec5EaRnc0pIeSnh9LUjj+PYQrJYBURvDt7twGl2PKA7nSN0kz1Zw5bnQ==",
        "dependencies": {
          "Microsoft.Build.Tasks.Git": "8.0.0",
          "Microsoft.SourceLink.Common": "8.0.0"
        }
      },
      "MinVer": {
        "type": "Direct",
        "requested": "[6.0.0, )",
        "resolved": "6.0.0",
        "contentHash": "+/SsmiySsXJlvQLCGBqaZKNVt3s/Y/HbAdwtop7Km2CnuZbaScoqkWJEBQ5Cy9ebkn6kCYKrHsXgwrFdTgcb3g=="
      },
      "Newtonsoft.Json": {
        "type": "Direct",
        "requested": "[13.0.4, )",
        "resolved": "13.0.4",
        "contentHash": "pdgNNMai3zv51W5aq268sujXUyx7SNdE2bj1wZcWjAQrKMFZV260lbqYop1d2GM67JI1huLRwxo9ZqnfF/lC6A=="
      },
      "Roslynator.Analyzers": {
        "type": "Direct",
        "requested": "[4.14.1, )",
        "resolved": "4.14.1",
        "contentHash": "yMSjze/xMYDF6PCE60/ULWx0tttNyKAndw2KijNxbKil0FX8nvDeEneDZGma8Uifk17RlfZqIXxf1mmBmhRHjg=="
      },
      "Scriban": {
        "type": "Direct",
        "requested": "[6.5.0, )",
        "resolved": "6.5.0",
        "contentHash": "GEdtPvMZk8ilKGnwq3yL/aC+frhu4HKnD0btpb84BiFZQLGUgdtxXG0oMIHf0lRJboMQDwopvQO+jARcvXWd8g=="
      },
      "Spectre.Console.Cli": {
        "type": "Direct",
        "requested": "[0.53.0, )",
        "resolved": "0.53.0",
        "contentHash": "9m26DC9IGMjA+qjlEtO2BsukmbymNvrXUtu5sh3sc2uCKHdawqVMwcnmiKO/bKKG0pHIzI1O/H2Qr/m2uh+rQw==",
        "dependencies": {
          "OpenCli.Sources": "0.5.0",
          "Spectre.Console": "0.53.0"
        }
      },
      "Spectre.IO": {
        "type": "Direct",
        "requested": "[0.21.0, )",
        "resolved": "0.21.0",
        "contentHash": "5YBmNEGBo2c9jxk15nnYWFbtItTMAxsny0izXfEW3OqI553kpXUbwqfqBK+5IzaxmMGni1oNgCPVWa5OpOr4oA=="
      },
      "Microsoft.Build.Tasks.Git": {
        "type": "Transitive",
        "resolved": "8.0.0",
        "contentHash": "bZKfSIKJRXLTuSzLudMFte/8CempWjVamNUR5eHJizsy+iuOuO/k2gnh7W0dHJmYY0tBf+gUErfluCv5mySAOQ=="
      },
      "Microsoft.SourceLink.Common": {
        "type": "Transitive",
        "resolved": "8.0.0",
        "contentHash": "dk9JPxTCIevS75HyEQ0E4OVAFhB2N+V9ShCXf8Q6FkUQZDkgLI12y679Nym1YqsiSysuQskT7Z+6nUf3yab6Vw=="
      },
      "Namotion.Reflection": {
        "type": "Transitive",
        "resolved": "3.4.2",
        "contentHash": "ZHrvPdAg7zV78iOTiH9ua+34rBfn4iH6Bjfo2bzUHOGD3KkjGUvqxBFy+v9p6qwV+GEeYWl4NOqXH8tVcZOMpw=="
      },
      "NJsonSchema": {
        "type": "Transitive",
        "resolved": "11.4.0",
        "contentHash": "0q6mr6eJk/D4jPFKyRwAPauedZK60yFE5rjA3+aqCdQm9kGE9J8xygRrLfk0Ms8wBviWbLlaZYzqAteG3b6Yag==",
        "dependencies": {
          "NJsonSchema.Annotations": "11.4.0",
          "Namotion.Reflection": "3.4.2",
          "Newtonsoft.Json": "13.0.3"
        }
      },
      "NJsonSchema.Annotations": {
        "type": "Transitive",
        "resolved": "11.4.0",
        "contentHash": "fKAGyIU9s18e9GAdNbEr2PmZdpBqb1RdAr2+EHHrdkSZNoYtwFcmN6syJaxYxeEFegoLbC3e+EU5eb7Tt1ph3Q=="
      },
      "OpenCli.Sources": {
        "type": "Transitive",
        "resolved": "0.5.0",
        "contentHash": "5FgwoxpZy9Qy7MsKHb2hZBTWXEvg7JCPuNnaqsn2g0/X9oWQVThYQ1nND1xJrq8P1aw+Gh8sirV1HbefeqSalw==",
        "dependencies": {
          "NJsonSchema": "11.4.0"
        }
      },
      "spectre.console": {
        "type": "Project"
      },
      "spectre.console.imagesharp": {
        "type": "Project",
        "dependencies": {
          "SixLabors.ImageSharp": "[3.1.12, )",
          "Spectre.Console": "[1.0.0, )"
        }
      },
      "spectre.console.json": {
        "type": "Project",
        "dependencies": {
          "Spectre.Console": "[1.0.0, )"
        }
      },
      "SixLabors.ImageSharp": {
        "type": "CentralTransitive",
        "requested": "[3.1.12, )",
        "resolved": "3.1.12",
        "contentHash": "iAg6zifihXEFS/t7fiHhZBGAdCp3FavsF4i2ZIDp0JfeYeDVzvmlbY1CNhhIKimaIzrzSi5M/NBFcWvZT2rB/A=="
      }
    }
  }
}